// !$*UTF8*$!
{
	archiveVersion = 1;
	classes = {
	};
	objectVersion = 52;
	objects = {

/* Begin PBXBuildFile section */
		39E06069266E856D00BF02BF /* WeatherApp_2App.swift in Sources */ = {isa = PBXBuildFile; fileRef = 39E06068266E856D00BF02BF /* WeatherApp_2App.swift */; };
		39E0606D266E857100BF02BF /* Assets.xcassets in Resources */ = {isa = PBXBuildFile; fileRef = 39E0606C266E857100BF02BF /* Assets.xcassets */; };
		39E06070266E857200BF02BF /* Preview Assets.xcassets in Resources */ = {isa = PBXBuildFile; fileRef = 39E0606F266E857200BF02BF /* Preview Assets.xcassets */; };
		39E06088266E860000BF02BF /* WeatherViewModel.swift in Sources */ = {isa = PBXBuildFile; fileRef = 39E0607C266E85FF00BF02BF /* WeatherViewModel.swift */; };
		39E06089266E860000BF02BF /* LocationViewModel.swift in Sources */ = {isa = PBXBuildFile; fileRef = 39E0607D266E85FF00BF02BF /* LocationViewModel.swift */; };
		39E0608A266E860000BF02BF /* ContentView.swift in Sources */ = {isa = PBXBuildFile; fileRef = 39E0607E266E85FF00BF02BF /* ContentView.swift */; };
		39E0608B266E860000BF02BF /* WeatherEmodji.swift in Sources */ = {isa = PBXBuildFile; fileRef = 39E06080266E860000BF02BF /* WeatherEmodji.swift */; };
		39E0608C266E860000BF02BF /* Recomendation.swift in Sources */ = {isa = PBXBuildFile; fileRef = 39E06081266E860000BF02BF /* Recomendation.swift */; };
		39E0608D266E860000BF02BF /* MainView.swift in Sources */ = {isa = PBXBuildFile; fileRef = 39E06082266E860000BF02BF /* MainView.swift */; };
		39E06093266E864700BF02BF /* SwiftyJSON in Frameworks */ = {isa = PBXBuildFile; productRef = 39E06092266E864700BF02BF /* SwiftyJSON */; };
		39E06096266E865400BF02BF /* Alamofire in Frameworks */ = {isa = PBXBuildFile; productRef = 39E06095266E865400BF02BF /* Alamofire */; };
/* End PBXBuildFile section */

/* Begin PBXFileReference section */
		39E06065266E856D00BF02BF /* WeatherApp_2.app */ = {isa = PBXFileReference; explicitFileType = wrapper.application; includeInIndex = 0; path = WeatherApp_2.app; sourceTree = BUILT_PRODUCTS_DIR; };
		39E06068266E856D00BF02BF /* WeatherApp_2App.swift */ = {isa = PBXFileReference; lastKnownFileType = sourcecode.swift; path = WeatherApp_2App.swift; sourceTree = "<group>"; };
		39E0606C266E857100BF02BF /* Assets.xcassets */ = {isa = PBXFileReference; lastKnownFileType = folder.assetcatalog; path = Assets.xcassets; sourceTree = "<group>"; };
		39E0606F266E857200BF02BF /* Preview Assets.xcassets */ = {isa = PBXFileReference; lastKnownFileType = folder.assetcatalog; path = "Preview Assets.xcassets"; sourceTree = "<group>"; };
		39E06071266E857200BF02BF /* Info.plist */ = {isa = PBXFileReference; lastKnownFileType = text.plist.xml; path = Info.plist; sourceTree = "<group>"; };
		39E0607C266E85FF00BF02BF /* WeatherViewModel.swift */ = {isa = PBXFileReference; fileEncoding = 4; lastKnownFileType = sourcecode.swift; path = WeatherViewModel.swift; sourceTree = "<group>"; };
		39E0607D266E85FF00BF02BF /* LocationViewModel.swift */ = {isa = PBXFileReference; fileEncoding = 4; lastKnownFileType = sourcecode.swift; path = LocationViewModel.swift; sourceTree = "<group>"; };
		39E0607E266E85FF00BF02BF /* ContentView.swift */ = {isa = PBXFileReference; fileEncoding = 4; lastKnownFileType = sourcecode.swift; name = ContentView.swift; path = ../../WeatherAppSwiftUI_Test/WeatherAppSwiftUI_Test/ContentView.swift; sourceTree = "<group>"; };
		39E06080266E860000BF02BF /* WeatherEmodji.swift */ = {isa = PBXFileReference; fileEncoding = 4; lastKnownFileType = sourcecode.swift; path = WeatherEmodji.swift; sourceTree = "<group>"; };
		39E06081266E860000BF02BF /* Recomendation.swift */ = {isa = PBXFileReference; fileEncoding = 4; lastKnownFileType = sourcecode.swift; path = Recomendation.swift; sourceTree = "<group>"; };
		39E06082266E860000BF02BF /* MainView.swift */ = {isa = PBXFileReference; fileEncoding = 4; lastKnownFileType = sourcecode.swift; path = MainView.swift; sourceTree = "<group>"; };
		39E0608F266E862300BF02BF /* Alamofire */ = {isa = PBXFileReference; lastKnownFileType = folder; name = Alamofire; path = "../../../../Library/Developer/Xcode/DerivedData/WeatherAppSwiftUI_Test-faudrhrihzziprbmbsuojayfxixw/SourcePackages/checkouts/Alamofire"; sourceTree = "<group>"; };
		39E06090266E862300BF02BF /* SwiftyJSON */ = {isa = PBXFileReference; lastKnownFileType = folder; name = SwiftyJSON; path = "../../../../Library/Developer/Xcode/DerivedData/WeatherAppSwiftUI_Test-faudrhrihzziprbmbsuojayfxixw/SourcePackages/checkouts/SwiftyJSON"; sourceTree = "<group>"; };
/* End PBXFileReference section */

/* Begin PBXFrameworksBuildPhase section */
		39E06062266E856D00BF02BF /* Frameworks */ = {
			isa = PBXFrameworksBuildPhase;
			buildActionMask = 2147483647;
			files = (
				39E06093266E864700BF02BF /* SwiftyJSON in Frameworks */,
				39E06096266E865400BF02BF /* Alamofire in Frameworks */,
			);
			runOnlyForDeploymentPostprocessing = 0;
		};
/* End PBXFrameworksBuildPhase section */

/* Begin PBXGroup section */
		39E0605C266E856D00BF02BF = {
			isa = PBXGroup;
			children = (
				39E06067266E856D00BF02BF /* WeatherApp_2 */,
				39E06066266E856D00BF02BF /* Products */,
			);
			sourceTree = "<group>";
		};
		39E06066266E856D00BF02BF /* Products */ = {
			isa = PBXGroup;
			children = (
				39E06065266E856D00BF02BF /* WeatherApp_2.app */,
			);
			name = Products;
			sourceTree = "<group>";
		};
		39E06067266E856D00BF02BF /* WeatherApp_2 */ = {
			isa = PBXGroup;
			children = (
				39E06068266E856D00BF02BF /* WeatherApp_2App.swift */,
				39E0606C266E857100BF02BF /* Assets.xcassets */,
				39E06071266E857200BF02BF /* Info.plist */,
				39E0607E266E85FF00BF02BF /* ContentView.swift */,
				39E0607B266E85FF00BF02BF /* ViewModels */,
				39E0607F266E860000BF02BF /* Views */,
				39E0606E266E857200BF02BF /* Preview Content */,
			);
			path = WeatherApp_2;
			sourceTree = "<group>";
		};
		39E0606E266E857200BF02BF /* Preview Content */ = {
			isa = PBXGroup;
			children = (
				39E0608F266E862300BF02BF /* Alamofire */,
				39E06090266E862300BF02BF /* SwiftyJSON */,
				39E0606F266E857200BF02BF /* Preview Assets.xcassets */,
			);
			path = "Preview Content";
			sourceTree = "<group>";
		};
		39E0607B266E85FF00BF02BF /* ViewModels */ = {
			isa = PBXGroup;
			children = (
				39E0607C266E85FF00BF02BF /* WeatherViewModel.swift */,
				39E0607D266E85FF00BF02BF /* LocationViewModel.swift */,
			);
			path = ViewModels;
			sourceTree = "<group>";
		};
		39E0607F266E860000BF02BF /* Views */ = {
			isa = PBXGroup;
			children = (
				39E06080266E860000BF02BF /* WeatherEmodji.swift */,
				39E06081266E860000BF02BF /* Recomendation.swift */,
				39E06082266E860000BF02BF /* MainView.swift */,
			);
			path = Views;
			sourceTree = "<group>";
		};
/* End PBXGroup section */

/* Begin PBXNativeTarget section */
		39E06064266E856D00BF02BF /* WeatherApp_2 */ = {
			isa = PBXNativeTarget;
			buildConfigurationList = 39E06074266E857200BF02BF /* Build configuration list for PBXNativeTarget "WeatherApp_2" */;
			buildPhases = (
				39E06061266E856D00BF02BF /* Sources */,
				39E06062266E856D00BF02BF /* Frameworks */,
				39E06063266E856D00BF02BF /* Resources */,
			);
			buildRules = (
			);
			dependencies = (
			);
			name = WeatherApp_2;
			packageProductDependencies = (
				39E06092266E864700BF02BF /* SwiftyJSON */,
				39E06095266E865400BF02BF /* Alamofire */,
			);
			productName = WeatherApp_2;
			productReference = 39E06065266E856D00BF02BF /* WeatherApp_2.app */;
			productType = "com.apple.product-type.application";
		};
/* End PBXNativeTarget section */

/* Begin PBXProject section */
		39E0605D266E856D00BF02BF /* Project object */ = {
			isa = PBXProject;
			attributes = {
				LastSwiftUpdateCheck = 1250;
				LastUpgradeCheck = 1250;
				TargetAttributes = {
					39E06064266E856D00BF02BF = {
						CreatedOnToolsVersion = 12.5;
					};
				};
			};
			buildConfigurationList = 39E06060266E856D00BF02BF /* Build configuration list for PBXProject "WeatherApp_2" */;
			compatibilityVersion = "Xcode 9.3";
			developmentRegion = en;
			hasScannedForEncodings = 0;
			knownRegions = (
				en,
				Base,
			);
			mainGroup = 39E0605C266E856D00BF02BF;
			packageReferences = (
				39E06091266E864700BF02BF /* XCRemoteSwiftPackageReference "SwiftyJSON" */,
				39E06094266E865400BF02BF /* XCRemoteSwiftPackageReference "Alamofire" */,
			);
			productRefGroup = 39E06066266E856D00BF02BF /* Products */;
			projectDirPath = "";
			projectRoot = "";
			targets = (
				39E06064266E856D00BF02BF /* WeatherApp_2 */,
			);
		};
/* End PBXProject section */

/* Begin PBXResourcesBuildPhase section */
		39E06063266E856D00BF02BF /* Resources */ = {
			isa = PBXResourcesBuildPhase;
			buildActionMask = 2147483647;
			files = (
				39E06070266E857200BF02BF /* Preview Assets.xcassets in Resources */,
				39E0606D266E857100BF02BF /* Assets.xcassets in Resources */,
			);
			runOnlyForDeploymentPostprocessing = 0;
		};
/* End PBXResourcesBuildPhase section */

/* Begin PBXSourcesBuildPhase section */
		39E06061266E856D00BF02BF /* Sources */ = {
			isa = PBXSourcesBuildPhase;
			buildActionMask = 2147483647;
			files = (
				39E0608B266E860000BF02BF /* WeatherEmodji.swift in Sources */,
				39E0608D266E860000BF02BF /* MainView.swift in Sources */,
				39E0608C266E860000BF02BF /* Recomendation.swift in Sources */,
				39E06088266E860000BF02BF /* WeatherViewModel.swift in Sources */,
				39E0608A266E860000BF02BF /* ContentView.swift in Sources */,
				39E06069266E856D00BF02BF /* WeatherApp_2App.swift in Sources */,
				39E06089266E860000BF02BF /* LocationViewModel.swift in Sources */,
			);
			runOnlyForDeploymentPostprocessing = 0;
		};
/* End PBXSourcesBuildPhase section */

/* Begin XCBuildConfiguration section */
		39E06072266E857200BF02BF /* Debug */ = {
			isa = XCBuildConfiguration;
			buildSettings = {
				ALWAYS_SEARCH_USER_PATHS = NO;
				CLANG_ANALYZER_NONNULL = YES;
				CLANG_ANALYZER_NUMBER_OBJECT_CONVERSION = YES_AGGRESSIVE;
				CLANG_CXX_LANGUAGE_STANDARD = "gnu++14";
				CLANG_CXX_LIBRARY = "libc++";
				CLANG_ENABLE_MODULES = YES;
				CLANG_ENABLE_OBJC_ARC = YES;
				CLANG_ENABLE_OBJC_WEAK = YES;
				CLANG_WARN_BLOCK_CAPTURE_AUTORELEASING = YES;
				CLANG_WARN_BOOL_CONVERSION = YES;
				CLANG_WARN_COMMA = YES;
				CLANG_WARN_CONSTANT_CONVERSION = YES;
				CLANG_WARN_DEPRECATED_OBJC_IMPLEMENTATIONS = YES;
				CLANG_WARN_DIRECT_OBJC_ISA_USAGE = YES_ERROR;
				CLANG_WARN_DOCUMENTATION_COMMENTS = YES;
				CLANG_WARN_EMPTY_BODY = YES;
				CLANG_WARN_ENUM_CONVERSION = YES;
				CLANG_WARN_INFINITE_RECURSION = YES;
				CLANG_WARN_INT_CONVERSION = YES;
				CLANG_WARN_NON_LITERAL_NULL_CONVERSION = YES;
				CLANG_WARN_OBJC_IMPLICIT_RETAIN_SELF = YES;
				CLANG_WARN_OBJC_LITERAL_CONVERSION = YES;
				CLANG_WARN_OBJC_ROOT_CLASS = YES_ERROR;
				CLANG_WARN_QUOTED_INCLUDE_IN_FRAMEWORK_HEADER = YES;
				CLANG_WARN_RANGE_LOOP_ANALYSIS = YES;
				CLANG_WARN_STRICT_PROTOTYPES = YES;
				CLANG_WARN_SUSPICIOUS_MOVE = YES;
				CLANG_WARN_UNGUARDED_AVAILABILITY = YES_AGGRESSIVE;
				CLANG_WARN_UNREACHABLE_CODE = YES;
				CLANG_WARN__DUPLICATE_METHOD_MATCH = YES;
				COPY_PHASE_STRIP = NO;
				DEBUG_INFORMATION_FORMAT = dwarf;
				ENABLE_STRICT_OBJC_MSGSEND = YES;
				ENABLE_TESTABILITY = YES;
				GCC_C_LANGUAGE_STANDARD = gnu11;
				GCC_DYNAMIC_NO_PIC = NO;
				GCC_NO_COMMON_BLOCKS = YES;
				GCC_OPTIMIZATION_LEVEL = 0;
				GCC_PREPROCESSOR_DEFINITIONS = (
					"DEBUG=1",
					"$(inherited)",
				);
				GCC_WARN_64_TO_32_BIT_CONVERSION = YES;
				GCC_WARN_ABOUT_RETURN_TYPE = YES_ERROR;
				GCC_WARN_UNDECLARED_SELECTOR = YES;
				GCC_WARN_UNINITIALIZED_AUTOS = YES_AGGRESSIVE;
				GCC_WARN_UNUSED_FUNCTION = YES;
				GCC_WARN_UNUSED_VARIABLE = YES;
				IPHONEOS_DEPLOYMENT_TARGET = 14.5;
				MTL_ENABLE_DEBUG_INFO = INCLUDE_SOURCE;
				MTL_FAST_MATH = YES;
				ONLY_ACTIVE_ARCH = YES;
				SDKROOT = iphoneos;
				SWIFT_ACTIVE_COMPILATION_CONDITIONS = DEBUG;
				SWIFT_OPTIMIZATION_LEVEL = "-Onone";
			};
			name = Debug;
		};
		39E06073266E857200BF02BF /* Release */ = {
			isa = XCBuildConfiguration;
			buildSettings = {
				ALWAYS_SEARCH_USER_PATHS = NO;
				CLANG_ANALYZER_NONNULL = YES;
				CLANG_ANALYZER_NUMBER_OBJECT_CONVERSION = YES_AGGRESSIVE;
				CLANG_CXX_LANGUAGE_STANDARD = "gnu++14";
				CLANG_CXX_LIBRARY = "libc++";
				CLANG_ENABLE_MODULES = YES;
				CLANG_ENABLE_OBJC_ARC = YES;
				CLANG_ENABLE_OBJC_WEAK = YES;
				CLANG_WARN_BLOCK_CAPTURE_AUTORELEASING = YES;
				CLANG_WARN_BOOL_CONVERSION = YES;
				CLANG_WARN_COMMA = YES;
				CLANG_WARN_CONSTANT_CONVERSION = YES;
				CLANG_WARN_DEPRECATED_OBJC_IMPLEMENTATIONS = YES;
				CLANG_WARN_DIRECT_OBJC_ISA_USAGE = YES_ERROR;
				CLANG_WARN_DOCUMENTATION_COMMENTS = YES;
				CLANG_WARN_EMPTY_BODY = YES;
				CLANG_WARN_ENUM_CONVERSION = YES;
				CLANG_WARN_INFINITE_RECURSION = YES;
				CLANG_WARN_INT_CONVERSION = YES;
				CLANG_WARN_NON_LITERAL_NULL_CONVERSION = YES;
				CLANG_WARN_OBJC_IMPLICIT_RETAIN_SELF = YES;
				CLANG_WARN_OBJC_LITERAL_CONVERSION = YES;
				CLANG_WARN_OBJC_ROOT_CLASS = YES_ERROR;
				CLANG_WARN_QUOTED_INCLUDE_IN_FRAMEWORK_HEADER = YES;
				CLANG_WARN_RANGE_LOOP_ANALYSIS = YES;
				CLANG_WARN_STRICT_PROTOTYPES = YES;
				CLANG_WARN_SUSPICIOUS_MOVE = YES;
				CLANG_WARN_UNGUARDED_AVAILABILITY = YES_AGGRESSIVE;
				CLANG_WARN_UNREACHABLE_CODE = YES;
				CLANG_WARN__DUPLICATE_METHOD_MATCH = YES;
				COPY_PHASE_STRIP = NO;
				DEBUG_INFORMATION_FORMAT = "dwarf-with-dsym";
				ENABLE_NS_ASSERTIONS = NO;
				ENABLE_STRICT_OBJC_MSGSEND = YES;
				GCC_C_LANGUAGE_STANDARD = gnu11;
				GCC_NO_COMMON_BLOCKS = YES;
				GCC_WARN_64_TO_32_BIT_CONVERSION = YES;
				GCC_WARN_ABOUT_RETURN_TYPE = YES_ERROR;
				GCC_WARN_UNDECLARED_SELECTOR = YES;
				GCC_WARN_UNINITIALIZED_AUTOS = YES_AGGRESSIVE;
				GCC_WARN_UNUSED_FUNCTION = YES;
				GCC_WARN_UNUSED_VARIABLE = YES;
				IPHONEOS_DEPLOYMENT_TARGET = 14.5;
				MTL_ENABLE_DEBUG_INFO = NO;
				MTL_FAST_MATH = YES;
				SDKROOT = iphoneos;
				SWIFT_COMPILATION_MODE = wholemodule;
				SWIFT_OPTIMIZATION_LEVEL = "-O";
				VALIDATE_PRODUCT = YES;
			};
			name = Release;
		};
		39E06075266E857200BF02BF /* Debug */ = {
			isa = XCBuildConfiguration;
			buildSettings = {
				ASSETCATALOG_COMPILER_APPICON_NAME = AppIcon;
				ASSETCATALOG_COMPILER_GLOBAL_ACCENT_COLOR_NAME = AccentColor;
				CODE_SIGN_STYLE = Automatic;
				DEVELOPMENT_ASSET_PATHS = "\"WeatherApp_2/Preview Content\"";
				DEVELOPMENT_TEAM = 282LL3H7A6;
				ENABLE_PREVIEWS = YES;
				INFOPLIST_FILE = WeatherApp_2/Info.plist;
				IPHONEOS_DEPLOYMENT_TARGET = 14.0;
				LD_RUNPATH_SEARCH_PATHS = (
					"$(inherited)",
					"@executable_path/Frameworks",
				);
				PRODUCT_BUNDLE_IDENTIFIER = "thegalkin.WeatherApp-2";
				PRODUCT_NAME = "$(TARGET_NAME)";
				SWIFT_VERSION = 5.0;
				TARGETED_DEVICE_FAMILY = "1,2";
			};
			name = Debug;
		};
		39E06076266E857200BF02BF /* Release */ = {
			isa = XCBuildConfiguration;
			buildSettings = {
				ASSETCATALOG_COMPILER_APPICON_NAME = AppIcon;
				ASSETCATALOG_COMPILER_GLOBAL_ACCENT_COLOR_NAME = AccentColor;
				CODE_SIGN_STYLE = Automatic;
				DEVELOPMENT_ASSET_PATHS = "\"WeatherApp_2/Preview Content\"";
				DEVELOPMENT_TEAM = 282LL3H7A6;
				ENABLE_PREVIEWS = YES;
				INFOPLIST_FILE = WeatherApp_2/Info.plist;
				IPHONEOS_DEPLOYMENT_TARGET = 14.0;
				LD_RUNPATH_SEARCH_PATHS = (
					"$(inherited)",
					"@executable_path/Frameworks",
				);
				PRODUCT_BUNDLE_IDENTIFIER = "thegalkin.WeatherApp-2";
				PRODUCT_NAME = "$(TARGET_NAME)";
				SWIFT_VERSION = 5.0;
				TARGETED_DEVICE_FAMILY = "1,2";
			};
			name = Release;
		};
/* End XCBuildConfiguration section */

/* Begin XCConfigurationList section */
		39E06060266E856D00BF02BF /* Build configuration list for PBXProject "WeatherApp_2" */ = {
			isa = XCConfigurationList;
			buildConfigurations = (
				39E06072266E857200BF02BF /* Debug */,
				39E06073266E857200BF02BF /* Release */,
			);
			defaultConfigurationIsVisible = 0;
			defaultConfigurationName = Release;
		};
		39E06074266E857200BF02BF /* Build configuration list for PBXNativeTarget "WeatherApp_2" */ = {
			isa = XCConfigurationList;
			buildConfigurations = (
				39E06075266E857200BF02BF /* Debug */,
				39E06076266E857200BF02BF /* Release */,
			);
			defaultConfigurationIsVisible = 0;
			defaultConfigurationName = Release;
		};
/* End XCConfigurationList section */

/* Begin XCRemoteSwiftPackageReference section */
		39E06091266E864700BF02BF /* XCRemoteSwiftPackageReference "SwiftyJSON" */ = {
			isa = XCRemoteSwiftPackageReference;
			repositoryURL = "https://github.com/SwiftyJSON/SwiftyJSON.git";
			requirement = {
				kind = upToNextMajorVersion;
				minimumVersion = 5.0.1;
			};
		};
		39E06094266E865400BF02BF /* XCRemoteSwiftPackageReference "Alamofire" */ = {
			isa = XCRemoteSwiftPackageReference;
			repositoryURL = "https://github.com/Alamofire/Alamofire.git";
			requirement = {
				kind = upToNextMajorVersion;
				minimumVersion = 5.4.3;
			};
		};
/* End XCRemoteSwiftPackageReference section */

/* Begin XCSwiftPackageProductDependency section */
		39E06092266E864700BF02BF /* SwiftyJSON */ = {
			isa = XCSwiftPackageProductDependency;
			package = 39E06091266E864700BF02BF /* XCRemoteSwiftPackageReference "SwiftyJSON" */;
			productName = SwiftyJSON;
		};
		39E06095266E865400BF02BF /* Alamofire */ = {
			isa = XCSwiftPackageProductDependency;
			package = 39E06094266E865400BF02BF /* XCRemoteSwiftPackageReference "Alamofire" */;
			productName = Alamofire;
		};
/* End XCSwiftPackageProductDependency section */
	};
	rootObject = 39E0605D266E856D00BF02BF /* Project object */;
}
